
Microsoft Visual Studio Solution File, Format Version 12.00
# Visual Studio Version 17
VisualStudioVersion = 17.0.32112.339
MinimumVisualStudioVersion = 10.0.40219.1
Project("{9A19103F-16F7-4668-BE54-9A1E7A4F7556}") = "ApiDesafioCoodesh", "ApiDesafioCoodesh\ApiDesafioCoodesh.csproj", "{95D41053-65CC-42E9-ACD9-313095969853}"
EndProject
Project("{9A19103F-16F7-4668-BE54-9A1E7A4F7556}") = "HttpClientDesafioCoodesh", "HttpClientDesafioCoodesh\HttpClientDesafioCoodesh.csproj", "{8BD9D706-34E1-4F22-8087-AA8DF70CF2CA}"
EndProject
Global
	GlobalSection(SolutionConfigurationPlatforms) = preSolution
		Debug|Any CPU = Debug|Any CPU
		Release|Any CPU = Release|Any CPU
	EndGlobalSection
	GlobalSection(ProjectConfigurationPlatforms) = postSolution
		{95D41053-65CC-42E9-ACD9-313095969853}.Debug|Any CPU.ActiveCfg = Debug|Any CPU
		{95D41053-65CC-42E9-ACD9-313095969853}.Debug|Any CPU.Build.0 = Debug|Any CPU
		{95D41053-65CC-42E9-ACD9-313095969853}.Release|Any CPU.ActiveCfg = Release|Any CPU
		{95D41053-65CC-42E9-ACD9-313095969853}.Release|Any CPU.Build.0 = Release|Any CPU
		{8BD9D706-34E1-4F22-8087-AA8DF70CF2CA}.Debug|Any CPU.ActiveCfg = Debug|Any CPU
		{8BD9D706-34E1-4F22-8087-AA8DF70CF2CA}.Debug|Any CPU.Build.0 = Debug|Any CPU
		{8BD9D706-34E1-4F22-8087-AA8DF70CF2CA}.Release|Any CPU.ActiveCfg = Release|Any CPU
		{8BD9D706-34E1-4F22-8087-AA8DF70CF2CA}.Release|Any CPU.Build.0 = Release|Any CPU
	EndGlobalSection
	GlobalSection(SolutionProperties) = preSolution
		HideSolutionNode = FALSE
	EndGlobalSection
	GlobalSection(ExtensibilityGlobals) = postSolution
		SolutionGuid = {96DE42F3-0786-4D59-A82F-6447DC3A70C0}
	EndGlobalSection
EndGlobal
